
Microsoft Visual Studio Solution File, Format Version 12.00
# Visual Studio 14
VisualStudioVersion = 14.0.23107.0
MinimumVisualStudioVersion = 10.0.40219.1
Project("{FAE04EC0-301F-11D3-BF4B-00C04F79EFBC}") = "Prototype", "Prototype\Prototype.csproj", "{4CDBD591-28B1-4C37-963A-0CE3EDA549C1}"
EndProject
Project("{FAE04EC0-301F-11D3-BF4B-00C04F79EFBC}") = "Prototype.Core", "Prototype.Core\Prototype.Core.csproj", "{77C6FCE7-58C6-4EB6-BFA3-2516F292A54F}"
EndProject
Project("{FAE04EC0-301F-11D3-BF4B-00C04F79EFBC}") = "Prototype.Cli", "Prototype.Cli\Prototype.Cli.csproj", "{B491BFCD-235C-489E-9E77-AF8A67238383}"
EndProject
Global
	GlobalSection(SolutionConfigurationPlatforms) = preSolution
		Debug|Any CPU = Debug|Any CPU
		Release|Any CPU = Release|Any CPU
	EndGlobalSection
	GlobalSection(ProjectConfigurationPlatforms) = postSolution
		{4CDBD591-28B1-4C37-963A-0CE3EDA549C1}.Debug|Any CPU.ActiveCfg = Debug|Any CPU
		{4CDBD591-28B1-4C37-963A-0CE3EDA549C1}.Debug|Any CPU.Build.0 = Debug|Any CPU
		{4CDBD591-28B1-4C37-963A-0CE3EDA549C1}.Release|Any CPU.ActiveCfg = Release|Any CPU
		{4CDBD591-28B1-4C37-963A-0CE3EDA549C1}.Release|Any CPU.Build.0 = Release|Any CPU
		{77C6FCE7-58C6-4EB6-BFA3-2516F292A54F}.Debug|Any CPU.ActiveCfg = Debug|Any CPU
		{77C6FCE7-58C6-4EB6-BFA3-2516F292A54F}.Debug|Any CPU.Build.0 = Debug|Any CPU
		{77C6FCE7-58C6-4EB6-BFA3-2516F292A54F}.Release|Any CPU.ActiveCfg = Release|Any CPU
		{77C6FCE7-58C6-4EB6-BFA3-2516F292A54F}.Release|Any CPU.Build.0 = Release|Any CPU
		{B491BFCD-235C-489E-9E77-AF8A67238383}.Debug|Any CPU.ActiveCfg = Debug|Any CPU
		{B491BFCD-235C-489E-9E77-AF8A67238383}.Debug|Any CPU.Build.0 = Debug|Any CPU
		{B491BFCD-235C-489E-9E77-AF8A67238383}.Release|Any CPU.ActiveCfg = Release|Any CPU
		{B491BFCD-235C-489E-9E77-AF8A67238383}.Release|Any CPU.Build.0 = Release|Any CPU
	EndGlobalSection
	GlobalSection(SolutionProperties) = preSolution
		HideSolutionNode = FALSE
	EndGlobalSection
EndGlobal
